
Microsoft Visual Studio Solution File, Format Version 12.00
# Visual Studio Version 17
VisualStudioVersion = 17.5.002.0
MinimumVisualStudioVersion = 10.0.40219.1
Project("{9A19103F-16F7-4668-BE54-9A1E7A4F7556}") = "NZWalksAPI", "NZWalksAPI.csproj", "{D658C0A7-78A5-47C5-B874-851C8FA80291}"
EndProject
Global
	GlobalSection(SolutionConfigurationPlatforms) = preSolution
		Debug|Any CPU = Debug|Any CPU
		Release|Any CPU = Release|Any CPU
	EndGlobalSection
	GlobalSection(ProjectConfigurationPlatforms) = postSolution
		{D658C0A7-78A5-47C5-B874-851C8FA80291}.Debug|Any CPU.ActiveCfg = Debug|Any CPU
		{D658C0A7-78A5-47C5-B874-851C8FA80291}.Debug|Any CPU.Build.0 = Debug|Any CPU
		{D658C0A7-78A5-47C5-B874-851C8FA80291}.Release|Any CPU.ActiveCfg = Release|Any CPU
		{D658C0A7-78A5-47C5-B874-851C8FA80291}.Release|Any CPU.Build.0 = Release|Any CPU
	EndGlobalSection
	GlobalSection(SolutionProperties) = preSolution
		HideSolutionNode = FALSE
	EndGlobalSection
	GlobalSection(ExtensibilityGlobals) = postSolution
		SolutionGuid = {CD683E54-1EAA-4671-9D77-7192D105177A}
	EndGlobalSection
EndGlobal
